// !$*UTF8*$!
{
	archiveVersion = 1;
	classes = {
	};
	objectVersion = 50;
	objects = {

/* Begin PBXBuildFile section */
		9F040E9C2624E3C7000E9415 /* KeyChain.swift in Sources */ = {isa = PBXBuildFile; fileRef = 9F040E9B2624E3C7000E9415 /* KeyChain.swift */; };
		9F7B325D2613661600450559 /* Intraday.swift in Sources */ = {isa = PBXBuildFile; fileRef = 9F7B325C2613661600450559 /* Intraday.swift */; };
		9F82590B2623CF7200A1662B /* CustomViewController.swift in Sources */ = {isa = PBXBuildFile; fileRef = 9F82590A2623CF7200A1662B /* CustomViewController.swift */; };
		9F82590F2623D00600A1662B /* CustomViewCell.swift in Sources */ = {isa = PBXBuildFile; fileRef = 9F82590D2623D00600A1662B /* CustomViewCell.swift */; };
		9F8259102623D00600A1662B /* CustomViewCell.xib in Resources */ = {isa = PBXBuildFile; fileRef = 9F82590E2623D00600A1662B /* CustomViewCell.xib */; };
		9F93874D26135EE80024DADF /* AppDelegate.swift in Sources */ = {isa = PBXBuildFile; fileRef = 9F93874C26135EE80024DADF /* AppDelegate.swift */; };
		9F93874F26135EE80024DADF /* SceneDelegate.swift in Sources */ = {isa = PBXBuildFile; fileRef = 9F93874E26135EE80024DADF /* SceneDelegate.swift */; };
		9F93875126135EE80024DADF /* IntradayViewController.swift in Sources */ = {isa = PBXBuildFile; fileRef = 9F93875026135EE80024DADF /* IntradayViewController.swift */; };
		9F93875426135EE80024DADF /* Main.storyboard in Resources */ = {isa = PBXBuildFile; fileRef = 9F93875226135EE80024DADF /* Main.storyboard */; };
		9F93875626135EE80024DADF /* Assets.xcassets in Resources */ = {isa = PBXBuildFile; fileRef = 9F93875526135EE80024DADF /* Assets.xcassets */; };
		9F93875926135EE80024DADF /* LaunchScreen.storyboard in Resources */ = {isa = PBXBuildFile; fileRef = 9F93875726135EE80024DADF /* LaunchScreen.storyboard */; };
		9F9387672613614A0024DADF /* IntradayManager.swift in Sources */ = {isa = PBXBuildFile; fileRef = 9F9387662613614A0024DADF /* IntradayManager.swift */; };
		9FBA43662623164200A35CB1 /* DailyManager.swift in Sources */ = {isa = PBXBuildFile; fileRef = 9FBA43652623164200A35CB1 /* DailyManager.swift */; };
		9FBA43692623185800A35CB1 /* DailyModel.swift in Sources */ = {isa = PBXBuildFile; fileRef = 9FBA43682623185800A35CB1 /* DailyModel.swift */; };
		9FBA436D2623199000A35CB1 /* Daily.swift in Sources */ = {isa = PBXBuildFile; fileRef = 9FBA436C2623199000A35CB1 /* Daily.swift */; };
		9FBB895C26140B46008D5ABF /* IntradayViewCell.swift in Sources */ = {isa = PBXBuildFile; fileRef = 9FBB895A26140B46008D5ABF /* IntradayViewCell.swift */; };
		9FBB895D26140B46008D5ABF /* IntradayViewCell.xib in Resources */ = {isa = PBXBuildFile; fileRef = 9FBB895B26140B46008D5ABF /* IntradayViewCell.xib */; };
		9FBB89602614179D008D5ABF /* IntradayModel.swift in Sources */ = {isa = PBXBuildFile; fileRef = 9FBB895F2614179D008D5ABF /* IntradayModel.swift */; };
		9FD245A92623008D00044AE7 /* CompareViewController.swift in Sources */ = {isa = PBXBuildFile; fileRef = 9FD245A82623008D00044AE7 /* CompareViewController.swift */; };
		9FD245AD2623024000044AE7 /* CompareViewCell.swift in Sources */ = {isa = PBXBuildFile; fileRef = 9FD245AB2623024000044AE7 /* CompareViewCell.swift */; };
		9FD245AE2623024000044AE7 /* CompareViewCell.xib in Resources */ = {isa = PBXBuildFile; fileRef = 9FD245AC2623024000044AE7 /* CompareViewCell.xib */; };
		9FEBCCFD262572F50078A053 /* Alpha_StockTests.swift in Sources */ = {isa = PBXBuildFile; fileRef = 9FEBCCFC262572F50078A053 /* Alpha_StockTests.swift */; };
		9FF208ED26240AA600C25714 /* CustomManager.swift in Sources */ = {isa = PBXBuildFile; fileRef = 9FF208EC26240AA600C25714 /* CustomManager.swift */; };
		9FF208F026240D3D00C25714 /* Custom.swift in Sources */ = {isa = PBXBuildFile; fileRef = 9FF208EF26240D3D00C25714 /* Custom.swift */; };
		9FF208F3262410AB00C25714 /* CustomModel.swift in Sources */ = {isa = PBXBuildFile; fileRef = 9FF208F2262410AB00C25714 /* CustomModel.swift */; };
/* End PBXBuildFile section */

/* Begin PBXContainerItemProxy section */
		9FEBCCFF262572F50078A053 /* PBXContainerItemProxy */ = {
			isa = PBXContainerItemProxy;
			containerPortal = 9F93874126135EE80024DADF /* Project object */;
			proxyType = 1;
			remoteGlobalIDString = 9F93874826135EE80024DADF;
			remoteInfo = "Alpha Stock";
		};
/* End PBXContainerItemProxy section */

/* Begin PBXFileReference section */
		9F040E9B2624E3C7000E9415 /* KeyChain.swift */ = {isa = PBXFileReference; lastKnownFileType = sourcecode.swift; path = KeyChain.swift; sourceTree = "<group>"; };
		9F7B325C2613661600450559 /* Intraday.swift */ = {isa = PBXFileReference; lastKnownFileType = sourcecode.swift; path = Intraday.swift; sourceTree = "<group>"; };
		9F82590A2623CF7200A1662B /* CustomViewController.swift */ = {isa = PBXFileReference; lastKnownFileType = sourcecode.swift; path = CustomViewController.swift; sourceTree = "<group>"; };
		9F82590D2623D00600A1662B /* CustomViewCell.swift */ = {isa = PBXFileReference; lastKnownFileType = sourcecode.swift; path = CustomViewCell.swift; sourceTree = "<group>"; };
		9F82590E2623D00600A1662B /* CustomViewCell.xib */ = {isa = PBXFileReference; lastKnownFileType = file.xib; path = CustomViewCell.xib; sourceTree = "<group>"; };
		9F93874926135EE80024DADF /* Alpha Stock.app */ = {isa = PBXFileReference; explicitFileType = wrapper.application; includeInIndex = 0; path = "Alpha Stock.app"; sourceTree = BUILT_PRODUCTS_DIR; };
		9F93874C26135EE80024DADF /* AppDelegate.swift */ = {isa = PBXFileReference; lastKnownFileType = sourcecode.swift; path = AppDelegate.swift; sourceTree = "<group>"; };
		9F93874E26135EE80024DADF /* SceneDelegate.swift */ = {isa = PBXFileReference; lastKnownFileType = sourcecode.swift; path = SceneDelegate.swift; sourceTree = "<group>"; };
		9F93875026135EE80024DADF /* IntradayViewController.swift */ = {isa = PBXFileReference; lastKnownFileType = sourcecode.swift; path = IntradayViewController.swift; sourceTree = "<group>"; };
		9F93875326135EE80024DADF /* Base */ = {isa = PBXFileReference; lastKnownFileType = file.storyboard; name = Base; path = Base.lproj/Main.storyboard; sourceTree = "<group>"; };
		9F93875526135EE80024DADF /* Assets.xcassets */ = {isa = PBXFileReference; lastKnownFileType = folder.assetcatalog; path = Assets.xcassets; sourceTree = "<group>"; };
		9F93875826135EE80024DADF /* Base */ = {isa = PBXFileReference; lastKnownFileType = file.storyboard; name = Base; path = Base.lproj/LaunchScreen.storyboard; sourceTree = "<group>"; };
		9F93875A26135EE80024DADF /* Info.plist */ = {isa = PBXFileReference; lastKnownFileType = text.plist.xml; path = Info.plist; sourceTree = "<group>"; };
		9F9387662613614A0024DADF /* IntradayManager.swift */ = {isa = PBXFileReference; lastKnownFileType = sourcecode.swift; path = IntradayManager.swift; sourceTree = "<group>"; };
		9FBA43652623164200A35CB1 /* DailyManager.swift */ = {isa = PBXFileReference; lastKnownFileType = sourcecode.swift; path = DailyManager.swift; sourceTree = "<group>"; };
		9FBA43682623185800A35CB1 /* DailyModel.swift */ = {isa = PBXFileReference; lastKnownFileType = sourcecode.swift; path = DailyModel.swift; sourceTree = "<group>"; };
		9FBA436C2623199000A35CB1 /* Daily.swift */ = {isa = PBXFileReference; lastKnownFileType = sourcecode.swift; path = Daily.swift; sourceTree = "<group>"; };
		9FBB895A26140B46008D5ABF /* IntradayViewCell.swift */ = {isa = PBXFileReference; lastKnownFileType = sourcecode.swift; path = IntradayViewCell.swift; sourceTree = "<group>"; };
		9FBB895B26140B46008D5ABF /* IntradayViewCell.xib */ = {isa = PBXFileReference; lastKnownFileType = file.xib; path = IntradayViewCell.xib; sourceTree = "<group>"; };
		9FBB895F2614179D008D5ABF /* IntradayModel.swift */ = {isa = PBXFileReference; lastKnownFileType = sourcecode.swift; path = IntradayModel.swift; sourceTree = "<group>"; };
		9FD245A82623008D00044AE7 /* CompareViewController.swift */ = {isa = PBXFileReference; lastKnownFileType = sourcecode.swift; path = CompareViewController.swift; sourceTree = "<group>"; };
		9FD245AB2623024000044AE7 /* CompareViewCell.swift */ = {isa = PBXFileReference; lastKnownFileType = sourcecode.swift; path = CompareViewCell.swift; sourceTree = "<group>"; };
		9FD245AC2623024000044AE7 /* CompareViewCell.xib */ = {isa = PBXFileReference; lastKnownFileType = file.xib; path = CompareViewCell.xib; sourceTree = "<group>"; };
		9FEBCCFA262572F50078A053 /* Alpha StockTests.xctest */ = {isa = PBXFileReference; explicitFileType = wrapper.cfbundle; includeInIndex = 0; path = "Alpha StockTests.xctest"; sourceTree = BUILT_PRODUCTS_DIR; };
		9FEBCCFC262572F50078A053 /* Alpha_StockTests.swift */ = {isa = PBXFileReference; lastKnownFileType = sourcecode.swift; path = Alpha_StockTests.swift; sourceTree = "<group>"; };
		9FEBCCFE262572F50078A053 /* Info.plist */ = {isa = PBXFileReference; lastKnownFileType = text.plist.xml; path = Info.plist; sourceTree = "<group>"; };
		9FF208EC26240AA600C25714 /* CustomManager.swift */ = {isa = PBXFileReference; lastKnownFileType = sourcecode.swift; path = CustomManager.swift; sourceTree = "<group>"; };
		9FF208EF26240D3D00C25714 /* Custom.swift */ = {isa = PBXFileReference; lastKnownFileType = sourcecode.swift; path = Custom.swift; sourceTree = "<group>"; };
		9FF208F2262410AB00C25714 /* CustomModel.swift */ = {isa = PBXFileReference; lastKnownFileType = sourcecode.swift; path = CustomModel.swift; sourceTree = "<group>"; };
/* End PBXFileReference section */

/* Begin PBXFrameworksBuildPhase section */
		9F93874626135EE80024DADF /* Frameworks */ = {
			isa = PBXFrameworksBuildPhase;
			buildActionMask = 2147483647;
			files = (
			);
			runOnlyForDeploymentPostprocessing = 0;
		};
		9FEBCCF7262572F50078A053 /* Frameworks */ = {
			isa = PBXFrameworksBuildPhase;
			buildActionMask = 2147483647;
			files = (
			);
			runOnlyForDeploymentPostprocessing = 0;
		};
/* End PBXFrameworksBuildPhase section */

/* Begin PBXGroup section */
		9F040E992624E39C000E9415 /* Security */ = {
			isa = PBXGroup;
			children = (
				9F040E9B2624E3C7000E9415 /* KeyChain.swift */,
			);
			path = Security;
			sourceTree = "<group>";
		};
		9F8259072623CB7700A1662B /* Intraday */ = {
			isa = PBXGroup;
			children = (
				9FBB895A26140B46008D5ABF /* IntradayViewCell.swift */,
				9FBB895B26140B46008D5ABF /* IntradayViewCell.xib */,
			);
			path = Intraday;
			sourceTree = "<group>";
		};
		9F8259082623CB8400A1662B /* Compare */ = {
			isa = PBXGroup;
			children = (
				9FD245AB2623024000044AE7 /* CompareViewCell.swift */,
				9FD245AC2623024000044AE7 /* CompareViewCell.xib */,
			);
			path = Compare;
			sourceTree = "<group>";
		};
		9F93874026135EE80024DADF = {
			isa = PBXGroup;
			children = (
				9F93874B26135EE80024DADF /* Alpha Stock */,
				9FEBCCFB262572F50078A053 /* Alpha StockTests */,
				9F93874A26135EE80024DADF /* Products */,
			);
			sourceTree = "<group>";
		};
		9F93874A26135EE80024DADF /* Products */ = {
			isa = PBXGroup;
			children = (
				9F93874926135EE80024DADF /* Alpha Stock.app */,
				9FEBCCFA262572F50078A053 /* Alpha StockTests.xctest */,
			);
			name = Products;
			sourceTree = "<group>";
		};
		9F93874B26135EE80024DADF /* Alpha Stock */ = {
			isa = PBXGroup;
			children = (
				9F93876126135F2A0024DADF /* Model */,
				9F93876226135F310024DADF /* View */,
				9F93876326135F350024DADF /* Controller */,
				9F040E992624E39C000E9415 /* Security */,
				9F93874C26135EE80024DADF /* AppDelegate.swift */,
				9F93874E26135EE80024DADF /* SceneDelegate.swift */,
				9F93875526135EE80024DADF /* Assets.xcassets */,
				9F93875726135EE80024DADF /* LaunchScreen.storyboard */,
				9F93875A26135EE80024DADF /* Info.plist */,
			);
			path = "Alpha Stock";
			sourceTree = "<group>";
		};
		9F93876126135F2A0024DADF /* Model */ = {
			isa = PBXGroup;
			children = (
				9FD7E3782624398000F7DE8D /* Custom */,
				9FBA4363262315E800A35CB1 /* Intraday */,
				9FBA4364262315F500A35CB1 /* Daily */,
			);
			path = Model;
			sourceTree = "<group>";
		};
		9F93876226135F310024DADF /* View */ = {
			isa = PBXGroup;
			children = (
				9F8259072623CB7700A1662B /* Intraday */,
				9F8259082623CB8400A1662B /* Compare */,
				9FD7E3792624398F00F7DE8D /* Custom */,
				9F93875226135EE80024DADF /* Main.storyboard */,
			);
			path = View;
			sourceTree = "<group>";
		};
		9F93876326135F350024DADF /* Controller */ = {
			isa = PBXGroup;
			children = (
				9F93875026135EE80024DADF /* IntradayViewController.swift */,
				9FD245A82623008D00044AE7 /* CompareViewController.swift */,
				9F82590A2623CF7200A1662B /* CustomViewController.swift */,
			);
			path = Controller;
			sourceTree = "<group>";
		};
		9FBA4363262315E800A35CB1 /* Intraday */ = {
			isa = PBXGroup;
			children = (
				9F9387662613614A0024DADF /* IntradayManager.swift */,
				9F7B325C2613661600450559 /* Intraday.swift */,
				9FBB895F2614179D008D5ABF /* IntradayModel.swift */,
			);
			path = Intraday;
			sourceTree = "<group>";
		};
		9FBA4364262315F500A35CB1 /* Daily */ = {
			isa = PBXGroup;
			children = (
				9FBA43652623164200A35CB1 /* DailyManager.swift */,
				9FBA43682623185800A35CB1 /* DailyModel.swift */,
				9FBA436C2623199000A35CB1 /* Daily.swift */,
			);
			path = Daily;
			sourceTree = "<group>";
		};
		9FD7E3782624398000F7DE8D /* Custom */ = {
			isa = PBXGroup;
			children = (
				9FF208EC26240AA600C25714 /* CustomManager.swift */,
				9FF208EF26240D3D00C25714 /* Custom.swift */,
				9FF208F2262410AB00C25714 /* CustomModel.swift */,
			);
			path = Custom;
			sourceTree = "<group>";
		};
		9FD7E3792624398F00F7DE8D /* Custom */ = {
			isa = PBXGroup;
			children = (
				9F82590D2623D00600A1662B /* CustomViewCell.swift */,
				9F82590E2623D00600A1662B /* CustomViewCell.xib */,
			);
			path = Custom;
			sourceTree = "<group>";
		};
		9FEBCCFB262572F50078A053 /* Alpha StockTests */ = {
			isa = PBXGroup;
			children = (
				9FEBCCFC262572F50078A053 /* Alpha_StockTests.swift */,
				9FEBCCFE262572F50078A053 /* Info.plist */,
			);
			path = "Alpha StockTests";
			sourceTree = "<group>";
		};
/* End PBXGroup section */

/* Begin PBXNativeTarget section */
		9F93874826135EE80024DADF /* Alpha Stock */ = {
			isa = PBXNativeTarget;
			buildConfigurationList = 9F93875D26135EE80024DADF /* Build configuration list for PBXNativeTarget "Alpha Stock" */;
			buildPhases = (
				9F93874526135EE80024DADF /* Sources */,
				9F93874626135EE80024DADF /* Frameworks */,
				9F93874726135EE80024DADF /* Resources */,
			);
			buildRules = (
			);
			dependencies = (
			);
			name = "Alpha Stock";
			productName = "Alpha Stock";
			productReference = 9F93874926135EE80024DADF /* Alpha Stock.app */;
			productType = "com.apple.product-type.application";
		};
		9FEBCCF9262572F50078A053 /* Alpha StockTests */ = {
			isa = PBXNativeTarget;
			buildConfigurationList = 9FEBCD03262572F50078A053 /* Build configuration list for PBXNativeTarget "Alpha StockTests" */;
			buildPhases = (
				9FEBCCF6262572F50078A053 /* Sources */,
				9FEBCCF7262572F50078A053 /* Frameworks */,
				9FEBCCF8262572F50078A053 /* Resources */,
			);
			buildRules = (
			);
			dependencies = (
				9FEBCD00262572F50078A053 /* PBXTargetDependency */,
			);
			name = "Alpha StockTests";
			productName = "Alpha StockTests";
			productReference = 9FEBCCFA262572F50078A053 /* Alpha StockTests.xctest */;
			productType = "com.apple.product-type.bundle.unit-test";
		};
/* End PBXNativeTarget section */

/* Begin PBXProject section */
		9F93874126135EE80024DADF /* Project object */ = {
			isa = PBXProject;
			attributes = {
				LastSwiftUpdateCheck = 1240;
				LastUpgradeCheck = 1240;
				TargetAttributes = {
					9F93874826135EE80024DADF = {
						CreatedOnToolsVersion = 12.4;
					};
					9FEBCCF9262572F50078A053 = {
						CreatedOnToolsVersion = 12.4;
						TestTargetID = 9F93874826135EE80024DADF;
					};
				};
			};
			buildConfigurationList = 9F93874426135EE80024DADF /* Build configuration list for PBXProject "Alpha Stock" */;
			compatibilityVersion = "Xcode 9.3";
			developmentRegion = en;
			hasScannedForEncodings = 0;
			knownRegions = (
				en,
				Base,
			);
			mainGroup = 9F93874026135EE80024DADF;
			productRefGroup = 9F93874A26135EE80024DADF /* Products */;
			projectDirPath = "";
			projectRoot = "";
			targets = (
				9F93874826135EE80024DADF /* Alpha Stock */,
				9FEBCCF9262572F50078A053 /* Alpha StockTests */,
			);
		};
/* End PBXProject section */

/* Begin PBXResourcesBuildPhase section */
		9F93874726135EE80024DADF /* Resources */ = {
			isa = PBXResourcesBuildPhase;
			buildActionMask = 2147483647;
			files = (
				9FBB895D26140B46008D5ABF /* IntradayViewCell.xib in Resources */,
				9F8259102623D00600A1662B /* CustomViewCell.xib in Resources */,
				9F93875926135EE80024DADF /* LaunchScreen.storyboard in Resources */,
				9FD245AE2623024000044AE7 /* CompareViewCell.xib in Resources */,
				9F93875626135EE80024DADF /* Assets.xcassets in Resources */,
				9F93875426135EE80024DADF /* Main.storyboard in Resources */,
			);
			runOnlyForDeploymentPostprocessing = 0;
		};
		9FEBCCF8262572F50078A053 /* Resources */ = {
			isa = PBXResourcesBuildPhase;
			buildActionMask = 2147483647;
			files = (
			);
			runOnlyForDeploymentPostprocessing = 0;
		};
/* End PBXResourcesBuildPhase section */

/* Begin PBXSourcesBuildPhase section */
		9F93874526135EE80024DADF /* Sources */ = {
			isa = PBXSourcesBuildPhase;
			buildActionMask = 2147483647;
			files = (
				9F93875126135EE80024DADF /* IntradayViewController.swift in Sources */,
				9FD245AD2623024000044AE7 /* CompareViewCell.swift in Sources */,
				9FF208F026240D3D00C25714 /* Custom.swift in Sources */,
				9F93874D26135EE80024DADF /* AppDelegate.swift in Sources */,
				9F93874F26135EE80024DADF /* SceneDelegate.swift in Sources */,
				9FBB89602614179D008D5ABF /* IntradayModel.swift in Sources */,
				9FBA436D2623199000A35CB1 /* Daily.swift in Sources */,
				9F040E9C2624E3C7000E9415 /* KeyChain.swift in Sources */,
				9F82590B2623CF7200A1662B /* CustomViewController.swift in Sources */,
				9FBA43662623164200A35CB1 /* DailyManager.swift in Sources */,
				9FD245A92623008D00044AE7 /* CompareViewController.swift in Sources */,
				9F82590F2623D00600A1662B /* CustomViewCell.swift in Sources */,
				9F7B325D2613661600450559 /* Intraday.swift in Sources */,
				9FBB895C26140B46008D5ABF /* IntradayViewCell.swift in Sources */,
				9FBA43692623185800A35CB1 /* DailyModel.swift in Sources */,
				9FF208ED26240AA600C25714 /* CustomManager.swift in Sources */,
				9FF208F3262410AB00C25714 /* CustomModel.swift in Sources */,
				9F9387672613614A0024DADF /* IntradayManager.swift in Sources */,
			);
			runOnlyForDeploymentPostprocessing = 0;
		};
		9FEBCCF6262572F50078A053 /* Sources */ = {
			isa = PBXSourcesBuildPhase;
			buildActionMask = 2147483647;
			files = (
				9FEBCCFD262572F50078A053 /* Alpha_StockTests.swift in Sources */,
			);
			runOnlyForDeploymentPostprocessing = 0;
		};
/* End PBXSourcesBuildPhase section */

/* Begin PBXTargetDependency section */
		9FEBCD00262572F50078A053 /* PBXTargetDependency */ = {
			isa = PBXTargetDependency;
			target = 9F93874826135EE80024DADF /* Alpha Stock */;
			targetProxy = 9FEBCCFF262572F50078A053 /* PBXContainerItemProxy */;
		};
/* End PBXTargetDependency section */

/* Begin PBXVariantGroup section */
		9F93875226135EE80024DADF /* Main.storyboard */ = {
			isa = PBXVariantGroup;
			children = (
				9F93875326135EE80024DADF /* Base */,
			);
			name = Main.storyboard;
			sourceTree = "<group>";
		};
		9F93875726135EE80024DADF /* LaunchScreen.storyboard */ = {
			isa = PBXVariantGroup;
			children = (
				9F93875826135EE80024DADF /* Base */,
			);
			name = LaunchScreen.storyboard;
			sourceTree = "<group>";
		};
/* End PBXVariantGroup section */

/* Begin XCBuildConfiguration section */
		9F93875B26135EE80024DADF /* Debug */ = {
			isa = XCBuildConfiguration;
			buildSettings = {
				ALWAYS_SEARCH_USER_PATHS = NO;
				CLANG_ANALYZER_NONNULL = YES;
				CLANG_ANALYZER_NUMBER_OBJECT_CONVERSION = YES_AGGRESSIVE;
				CLANG_CXX_LANGUAGE_STANDARD = "gnu++14";
				CLANG_CXX_LIBRARY = "libc++";
				CLANG_ENABLE_MODULES = YES;
				CLANG_ENABLE_OBJC_ARC = YES;
				CLANG_ENABLE_OBJC_WEAK = YES;
				CLANG_WARN_BLOCK_CAPTURE_AUTORELEASING = YES;
				CLANG_WARN_BOOL_CONVERSION = YES;
				CLANG_WARN_COMMA = YES;
				CLANG_WARN_CONSTANT_CONVERSION = YES;
				CLANG_WARN_DEPRECATED_OBJC_IMPLEMENTATIONS = YES;
				CLANG_WARN_DIRECT_OBJC_ISA_USAGE = YES_ERROR;
				CLANG_WARN_DOCUMENTATION_COMMENTS = YES;
				CLANG_WARN_EMPTY_BODY = YES;
				CLANG_WARN_ENUM_CONVERSION = YES;
				CLANG_WARN_INFINITE_RECURSION = YES;
				CLANG_WARN_INT_CONVERSION = YES;
				CLANG_WARN_NON_LITERAL_NULL_CONVERSION = YES;
				CLANG_WARN_OBJC_IMPLICIT_RETAIN_SELF = YES;
				CLANG_WARN_OBJC_LITERAL_CONVERSION = YES;
				CLANG_WARN_OBJC_ROOT_CLASS = YES_ERROR;
				CLANG_WARN_QUOTED_INCLUDE_IN_FRAMEWORK_HEADER = YES;
				CLANG_WARN_RANGE_LOOP_ANALYSIS = YES;
				CLANG_WARN_STRICT_PROTOTYPES = YES;
				CLANG_WARN_SUSPICIOUS_MOVE = YES;
				CLANG_WARN_UNGUARDED_AVAILABILITY = YES_AGGRESSIVE;
				CLANG_WARN_UNREACHABLE_CODE = YES;
				CLANG_WARN__DUPLICATE_METHOD_MATCH = YES;
				COPY_PHASE_STRIP = NO;
				DEBUG_INFORMATION_FORMAT = dwarf;
				ENABLE_STRICT_OBJC_MSGSEND = YES;
				ENABLE_TESTABILITY = YES;
				GCC_C_LANGUAGE_STANDARD = gnu11;
				GCC_DYNAMIC_NO_PIC = NO;
				GCC_NO_COMMON_BLOCKS = YES;
				GCC_OPTIMIZATION_LEVEL = 0;
				GCC_PREPROCESSOR_DEFINITIONS = (
					"DEBUG=1",
					"$(inherited)",
				);
				GCC_WARN_64_TO_32_BIT_CONVERSION = YES;
				GCC_WARN_ABOUT_RETURN_TYPE = YES_ERROR;
				GCC_WARN_UNDECLARED_SELECTOR = YES;
				GCC_WARN_UNINITIALIZED_AUTOS = YES_AGGRESSIVE;
				GCC_WARN_UNUSED_FUNCTION = YES;
				GCC_WARN_UNUSED_VARIABLE = YES;
				IPHONEOS_DEPLOYMENT_TARGET = 14.4;
				MTL_ENABLE_DEBUG_INFO = INCLUDE_SOURCE;
				MTL_FAST_MATH = YES;
				ONLY_ACTIVE_ARCH = YES;
				SDKROOT = iphoneos;
				SWIFT_ACTIVE_COMPILATION_CONDITIONS = DEBUG;
				SWIFT_OPTIMIZATION_LEVEL = "-Onone";
			};
			name = Debug;
		};
		9F93875C26135EE80024DADF /* Release */ = {
			isa = XCBuildConfiguration;
			buildSettings = {
				ALWAYS_SEARCH_USER_PATHS = NO;
				CLANG_ANALYZER_NONNULL = YES;
				CLANG_ANALYZER_NUMBER_OBJECT_CONVERSION = YES_AGGRESSIVE;
				CLANG_CXX_LANGUAGE_STANDARD = "gnu++14";
				CLANG_CXX_LIBRARY = "libc++";
				CLANG_ENABLE_MODULES = YES;
				CLANG_ENABLE_OBJC_ARC = YES;
				CLANG_ENABLE_OBJC_WEAK = YES;
				CLANG_WARN_BLOCK_CAPTURE_AUTORELEASING = YES;
				CLANG_WARN_BOOL_CONVERSION = YES;
				CLANG_WARN_COMMA = YES;
				CLANG_WARN_CONSTANT_CONVERSION = YES;
				CLANG_WARN_DEPRECATED_OBJC_IMPLEMENTATIONS = YES;
				CLANG_WARN_DIRECT_OBJC_ISA_USAGE = YES_ERROR;
				CLANG_WARN_DOCUMENTATION_COMMENTS = YES;
				CLANG_WARN_EMPTY_BODY = YES;
				CLANG_WARN_ENUM_CONVERSION = YES;
				CLANG_WARN_INFINITE_RECURSION = YES;
				CLANG_WARN_INT_CONVERSION = YES;
				CLANG_WARN_NON_LITERAL_NULL_CONVERSION = YES;
				CLANG_WARN_OBJC_IMPLICIT_RETAIN_SELF = YES;
				CLANG_WARN_OBJC_LITERAL_CONVERSION = YES;
				CLANG_WARN_OBJC_ROOT_CLASS = YES_ERROR;
				CLANG_WARN_QUOTED_INCLUDE_IN_FRAMEWORK_HEADER = YES;
				CLANG_WARN_RANGE_LOOP_ANALYSIS = YES;
				CLANG_WARN_STRICT_PROTOTYPES = YES;
				CLANG_WARN_SUSPICIOUS_MOVE = YES;
				CLANG_WARN_UNGUARDED_AVAILABILITY = YES_AGGRESSIVE;
				CLANG_WARN_UNREACHABLE_CODE = YES;
				CLANG_WARN__DUPLICATE_METHOD_MATCH = YES;
				COPY_PHASE_STRIP = NO;
				DEBUG_INFORMATION_FORMAT = "dwarf-with-dsym";
				ENABLE_NS_ASSERTIONS = NO;
				ENABLE_STRICT_OBJC_MSGSEND = YES;
				GCC_C_LANGUAGE_STANDARD = gnu11;
				GCC_NO_COMMON_BLOCKS = YES;
				GCC_WARN_64_TO_32_BIT_CONVERSION = YES;
				GCC_WARN_ABOUT_RETURN_TYPE = YES_ERROR;
				GCC_WARN_UNDECLARED_SELECTOR = YES;
				GCC_WARN_UNINITIALIZED_AUTOS = YES_AGGRESSIVE;
				GCC_WARN_UNUSED_FUNCTION = YES;
				GCC_WARN_UNUSED_VARIABLE = YES;
				IPHONEOS_DEPLOYMENT_TARGET = 14.4;
				MTL_ENABLE_DEBUG_INFO = NO;
				MTL_FAST_MATH = YES;
				SDKROOT = iphoneos;
				SWIFT_COMPILATION_MODE = wholemodule;
				SWIFT_OPTIMIZATION_LEVEL = "-O";
				VALIDATE_PRODUCT = YES;
			};
			name = Release;
		};
		9F93875E26135EE80024DADF /* Debug */ = {
			isa = XCBuildConfiguration;
			buildSettings = {
				ASSETCATALOG_COMPILER_APPICON_NAME = AppIcon;
				ASSETCATALOG_COMPILER_GLOBAL_ACCENT_COLOR_NAME = AccentColor;
				CODE_SIGN_STYLE = Automatic;
				DEVELOPMENT_TEAM = KL6VLPSW8Q;
				INFOPLIST_FILE = "Alpha Stock/Info.plist";
				LD_RUNPATH_SEARCH_PATHS = (
					"$(inherited)",
					"@executable_path/Frameworks",
				);
				PRODUCT_BUNDLE_IDENTIFIER = "com.combro.Alpha-Stock";
				PRODUCT_NAME = "$(TARGET_NAME)";
				SWIFT_VERSION = 5.0;
				TARGETED_DEVICE_FAMILY = "1,2";
			};
			name = Debug;
		};
		9F93875F26135EE80024DADF /* Release */ = {
			isa = XCBuildConfiguration;
			buildSettings = {
				ASSETCATALOG_COMPILER_APPICON_NAME = AppIcon;
				ASSETCATALOG_COMPILER_GLOBAL_ACCENT_COLOR_NAME = AccentColor;
				CODE_SIGN_STYLE = Automatic;
				DEVELOPMENT_TEAM = KL6VLPSW8Q;
				INFOPLIST_FILE = "Alpha Stock/Info.plist";
				LD_RUNPATH_SEARCH_PATHS = (
					"$(inherited)",
					"@executable_path/Frameworks",
				);
				PRODUCT_BUNDLE_IDENTIFIER = "com.combro.Alpha-Stock";
				PRODUCT_NAME = "$(TARGET_NAME)";
				SWIFT_VERSION = 5.0;
				TARGETED_DEVICE_FAMILY = "1,2";
			};
			name = Release;
		};
		9FEBCD01262572F50078A053 /* Debug */ = {
			isa = XCBuildConfiguration;
			buildSettings = {
				BUNDLE_LOADER = "$(TEST_HOST)";
				CODE_SIGN_STYLE = Automatic;
				DEVELOPMENT_TEAM = KL6VLPSW8Q;
				INFOPLIST_FILE = "Alpha StockTests/Info.plist";
				LD_RUNPATH_SEARCH_PATHS = (
					"$(inherited)",
					"@executable_path/Frameworks",
					"@loader_path/Frameworks",
				);
				PRODUCT_BUNDLE_IDENTIFIER = "com.combro.Alpha-StockTests";
				PRODUCT_NAME = "$(TARGET_NAME)";
				SWIFT_VERSION = 5.0;
				TARGETED_DEVICE_FAMILY = "1,2";
				TEST_HOST = "$(BUILT_PRODUCTS_DIR)/Alpha Stock.app/Alpha Stock";
			};
			name = Debug;
		};
		9FEBCD02262572F50078A053 /* Release */ = {
			isa = XCBuildConfiguration;
			buildSettings = {
				BUNDLE_LOADER = "$(TEST_HOST)";
				CODE_SIGN_STYLE = Automatic;
				DEVELOPMENT_TEAM = KL6VLPSW8Q;
				INFOPLIST_FILE = "Alpha StockTests/Info.plist";
				LD_RUNPATH_SEARCH_PATHS = (
					"$(inherited)",
					"@executable_path/Frameworks",
					"@loader_path/Frameworks",
				);
				PRODUCT_BUNDLE_IDENTIFIER = "com.combro.Alpha-StockTests";
				PRODUCT_NAME = "$(TARGET_NAME)";
				SWIFT_VERSION = 5.0;
				TARGETED_DEVICE_FAMILY = "1,2";
				TEST_HOST = "$(BUILT_PRODUCTS_DIR)/Alpha Stock.app/Alpha Stock";
			};
			name = Release;
		};
/* End XCBuildConfiguration section */

/* Begin XCConfigurationList section */
		9F93874426135EE80024DADF /* Build configuration list for PBXProject "Alpha Stock" */ = {
			isa = XCConfigurationList;
			buildConfigurations = (
				9F93875B26135EE80024DADF /* Debug */,
				9F93875C26135EE80024DADF /* Release */,
			);
			defaultConfigurationIsVisible = 0;
			defaultConfigurationName = Release;
		};
		9F93875D26135EE80024DADF /* Build configuration list for PBXNativeTarget "Alpha Stock" */ = {
			isa = XCConfigurationList;
			buildConfigurations = (
				9F93875E26135EE80024DADF /* Debug */,
				9F93875F26135EE80024DADF /* Release */,
			);
			defaultConfigurationIsVisible = 0;
			defaultConfigurationName = Release;
		};
		9FEBCD03262572F50078A053 /* Build configuration list for PBXNativeTarget "Alpha StockTests" */ = {
			isa = XCConfigurationList;
			buildConfigurations = (
				9FEBCD01262572F50078A053 /* Debug */,
				9FEBCD02262572F50078A053 /* Release */,
			);
			defaultConfigurationIsVisible = 0;
			defaultConfigurationName = Release;
		};
/* End XCConfigurationList section */
	};
	rootObject = 9F93874126135EE80024DADF /* Project object */;
}
